// !$*UTF8*$!
{
	archiveVersion = 1;
	classes = {
	};
	objectVersion = 77;
	objects = {

/* Begin PBXContainerItemProxy section */
		409F91982ECF7DEA007C3E96 /* PBXContainerItemProxy */ = {
			isa = PBXContainerItemProxy;
			containerPortal = 409F91792ECF7DE9007C3E96 /* Project object */;
			proxyType = 1;
			remoteGlobalIDString = 409F91802ECF7DE9007C3E96;
			remoteInfo = "Ios-MVVM";
		};
		409F91A22ECF7DEA007C3E96 /* PBXContainerItemProxy */ = {
			isa = PBXContainerItemProxy;
			containerPortal = 409F91792ECF7DE9007C3E96 /* Project object */;
			proxyType = 1;
			remoteGlobalIDString = 409F91802ECF7DE9007C3E96;
			remoteInfo = "Ios-MVVM";
		};
/* End PBXContainerItemProxy section */

/* Begin PBXFileReference section */
		409F91812ECF7DE9007C3E96 /* Ios-MVVM.app */ = {isa = PBXFileReference; explicitFileType = wrapper.application; includeInIndex = 0; path = "Ios-MVVM.app"; sourceTree = BUILT_PRODUCTS_DIR; };
		409F91972ECF7DEA007C3E96 /* Ios-MVVMTests.xctest */ = {isa = PBXFileReference; explicitFileType = wrapper.cfbundle; includeInIndex = 0; path = "Ios-MVVMTests.xctest"; sourceTree = BUILT_PRODUCTS_DIR; };
		409F91A12ECF7DEA007C3E96 /* Ios-MVVMUITests.xctest */ = {isa = PBXFileReference; explicitFileType = wrapper.cfbundle; includeInIndex = 0; path = "Ios-MVVMUITests.xctest"; sourceTree = BUILT_PRODUCTS_DIR; };
/* End PBXFileReference section */

/* Begin PBXFileSystemSynchronizedBuildFileExceptionSet section */
		409F91A92ECF7DEA007C3E96 /* Exceptions for "Ios-MVVM" folder in "Ios-MVVM" target */ = {
			isa = PBXFileSystemSynchronizedBuildFileExceptionSet;
			membershipExceptions = (
				Info.plist,
			);
			target = 409F91802ECF7DE9007C3E96 /* Ios-MVVM */;
		};
/* End PBXFileSystemSynchronizedBuildFileExceptionSet section */

/* Begin PBXFileSystemSynchronizedGroupBuildPhaseMembershipExceptionSet section */
/* End PBXFileSystemSynchronizedGroupBuildPhaseMembershipExceptionSet section */

/* Begin PBXFileSystemSynchronizedRootGroup section */
		409F91832ECF7DE9007C3E96 /* Ios-MVVM */ = {
			isa = PBXFileSystemSynchronizedRootGroup;
			exceptions = (
				409F91A92ECF7DEA007C3E96 /* Exceptions for "Ios-MVVM" folder in "Ios-MVVM" target */,
			);
			path = "Ios-MVVM";
			sourceTree = "<group>";
		};
		409F919A2ECF7DEA007C3E96 /* Ios-MVVMTests */ = {
			isa = PBXFileSystemSynchronizedRootGroup;
			path = "Ios-MVVMTests";
			sourceTree = "<group>";
		};
		409F91A42ECF7DEA007C3E96 /* Ios-MVVMUITests */ = {
			isa = PBXFileSystemSynchronizedRootGroup;
			path = "Ios-MVVMUITests";
			sourceTree = "<group>";
		};
/* End PBXFileSystemSynchronizedRootGroup section */

/* Begin PBXFrameworksBuildPhase section */
		409F917E2ECF7DE9007C3E96 /* Frameworks */ = {
			isa = PBXFrameworksBuildPhase;
			buildActionMask = 2147483647;
			files = (
			);
			runOnlyForDeploymentPostprocessing = 0;
		};
		409F91942ECF7DEA007C3E96 /* Frameworks */ = {
			isa = PBXFrameworksBuildPhase;
			buildActionMask = 2147483647;
			files = (
			);
			runOnlyForDeploymentPostprocessing = 0;
		};
		409F919E2ECF7DEA007C3E96 /* Frameworks */ = {
			isa = PBXFrameworksBuildPhase;
			buildActionMask = 2147483647;
			files = (
			);
			runOnlyForDeploymentPostprocessing = 0;
		};
/* End PBXFrameworksBuildPhase section */

/* Begin PBXGroup section */
		409F91782ECF7DE9007C3E96 = {
			isa = PBXGroup;
			children = (
				409F91832ECF7DE9007C3E96 /* Ios-MVVM */,
				409F919A2ECF7DEA007C3E96 /* Ios-MVVMTests */,
				409F91A42ECF7DEA007C3E96 /* Ios-MVVMUITests */,
				409F91822ECF7DE9007C3E96 /* Products */,
			);
			sourceTree = "<group>";
		};
		409F91822ECF7DE9007C3E96 /* Products */ = {
			isa = PBXGroup;
			children = (
				409F91812ECF7DE9007C3E96 /* Ios-MVVM.app */,
				409F91972ECF7DEA007C3E96 /* Ios-MVVMTests.xctest */,
				409F91A12ECF7DEA007C3E96 /* Ios-MVVMUITests.xctest */,
			);
			name = Products;
			sourceTree = "<group>";
		};
/* End PBXGroup section */

/* Begin PBXNativeTarget section */
		409F91802ECF7DE9007C3E96 /* Ios-MVVM */ = {
			isa = PBXNativeTarget;
			buildConfigurationList = 409F91AA2ECF7DEA007C3E96 /* Build configuration list for PBXNativeTarget "Ios-MVVM" */;
			buildPhases = (
				409F917D2ECF7DE9007C3E96 /* Sources */,
				409F917E2ECF7DE9007C3E96 /* Frameworks */,
				409F917F2ECF7DE9007C3E96 /* Resources */,
			);
			buildRules = (
			);
			dependencies = (
			);
			fileSystemSynchronizedGroups = (
				409F91832ECF7DE9007C3E96 /* Ios-MVVM */,
			);
			name = "Ios-MVVM";
			packageProductDependencies = (
			);
			productName = "Ios-MVVM";
			productReference = 409F91812ECF7DE9007C3E96 /* Ios-MVVM.app */;
			productType = "com.apple.product-type.application";
		};
		409F91962ECF7DEA007C3E96 /* Ios-MVVMTests */ = {
			isa = PBXNativeTarget;
			buildConfigurationList = 409F91AF2ECF7DEA007C3E96 /* Build configuration list for PBXNativeTarget "Ios-MVVMTests" */;
			buildPhases = (
				409F91932ECF7DEA007C3E96 /* Sources */,
				409F91942ECF7DEA007C3E96 /* Frameworks */,
				409F91952ECF7DEA007C3E96 /* Resources */,
			);
			buildRules = (
			);
			dependencies = (
				409F91992ECF7DEA007C3E96 /* PBXTargetDependency */,
			);
			fileSystemSynchronizedGroups = (
				409F919A2ECF7DEA007C3E96 /* Ios-MVVMTests */,
			);
			name = "Ios-MVVMTests";
			packageProductDependencies = (
			);
			productName = "Ios-MVVMTests";
			productReference = 409F91972ECF7DEA007C3E96 /* Ios-MVVMTests.xctest */;
			productType = "com.apple.product-type.bundle.unit-test";
		};
		409F91A02ECF7DEA007C3E96 /* Ios-MVVMUITests */ = {
			isa = PBXNativeTarget;
			buildConfigurationList = 409F91B22ECF7DEA007C3E96 /* Build configuration list for PBXNativeTarget "Ios-MVVMUITests" */;
			buildPhases = (
				409F919D2ECF7DEA007C3E96 /* Sources */,
				409F919E2ECF7DEA007C3E96 /* Frameworks */,
				409F919F2ECF7DEA007C3E96 /* Resources */,
			);
			buildRules = (
			);
			dependencies = (
				409F91A32ECF7DEA007C3E96 /* PBXTargetDependency */,
			);
			fileSystemSynchronizedGroups = (
				409F91A42ECF7DEA007C3E96 /* Ios-MVVMUITests */,
			);
			name = "Ios-MVVMUITests";
			packageProductDependencies = (
			);
			productName = "Ios-MVVMUITests";
			productReference = 409F91A12ECF7DEA007C3E96 /* Ios-MVVMUITests.xctest */;
			productType = "com.apple.product-type.bundle.ui-testing";
		};
/* End PBXNativeTarget section */

/* Begin PBXProject section */
		409F91792ECF7DE9007C3E96 /* Project object */ = {
			isa = PBXProject;
			attributes = {
				BuildIndependentTargetsInParallel = 1;
				LastSwiftUpdateCheck = 1640;
				LastUpgradeCheck = 1640;
				TargetAttributes = {
					409F91802ECF7DE9007C3E96 = {
						CreatedOnToolsVersion = 16.4;
					};
					409F91962ECF7DEA007C3E96 = {
						CreatedOnToolsVersion = 16.4;
						TestTargetID = 409F91802ECF7DE9007C3E96;
					};
					409F91A02ECF7DEA007C3E96 = {
						CreatedOnToolsVersion = 16.4;
						TestTargetID = 409F91802ECF7DE9007C3E96;
					};
				};
			};
			buildConfigurationList = 409F917C2ECF7DE9007C3E96 /* Build configuration list for PBXProject "Ios-MVVM" */;
			developmentRegion = en;
			hasScannedForEncodings = 0;
			knownRegions = (
				en,
				Base,
			);
			mainGroup = 409F91782ECF7DE9007C3E96;
			minimizedProjectReferenceProxies = 1;
			preferredProjectObjectVersion = 77;
			productRefGroup = 409F91822ECF7DE9007C3E96 /* Products */;
			projectDirPath = "";
			projectRoot = "";
			targets = (
				409F91802ECF7DE9007C3E96 /* Ios-MVVM */,
				409F91962ECF7DEA007C3E96 /* Ios-MVVMTests */,
				409F91A02ECF7DEA007C3E96 /* Ios-MVVMUITests */,
			);
		};
/* End PBXProject section */

/* Begin PBXResourcesBuildPhase section */
		409F917F2ECF7DE9007C3E96 /* Resources */ = {
			isa = PBXResourcesBuildPhase;
			buildActionMask = 2147483647;
			files = (
			);
			runOnlyForDeploymentPostprocessing = 0;
		};
		409F91952ECF7DEA007C3E96 /* Resources */ = {
			isa = PBXResourcesBuildPhase;
			buildActionMask = 2147483647;
			files = (
			);
			runOnlyForDeploymentPostprocessing = 0;
		};
		409F919F2ECF7DEA007C3E96 /* Resources */ = {
			isa = PBXResourcesBuildPhase;
			buildActionMask = 2147483647;
			files = (
			);
			runOnlyForDeploymentPostprocessing = 0;
		};
/* End PBXResourcesBuildPhase section */

/* Begin PBXSourcesBuildPhase section */
		409F917D2ECF7DE9007C3E96 /* Sources */ = {
			isa = PBXSourcesBuildPhase;
			buildActionMask = 2147483647;
			files = (
			);
			runOnlyForDeploymentPostprocessing = 0;
		};
		409F91932ECF7DEA007C3E96 /* Sources */ = {
			isa = PBXSourcesBuildPhase;
			buildActionMask = 2147483647;
			files = (
			);
			runOnlyForDeploymentPostprocessing = 0;
		};
		409F919D2ECF7DEA007C3E96 /* Sources */ = {
			isa = PBXSourcesBuildPhase;
			buildActionMask = 2147483647;
			files = (
			);
			runOnlyForDeploymentPostprocessing = 0;
		};
/* End PBXSourcesBuildPhase section */

/* Begin PBXTargetDependency section */
		409F91992ECF7DEA007C3E96 /* PBXTargetDependency */ = {
			isa = PBXTargetDependency;
			target = 409F91802ECF7DE9007C3E96 /* Ios-MVVM */;
			targetProxy = 409F91982ECF7DEA007C3E96 /* PBXContainerItemProxy */;
		};
		409F91A32ECF7DEA007C3E96 /* PBXTargetDependency */ = {
			isa = PBXTargetDependency;
			target = 409F91802ECF7DE9007C3E96 /* Ios-MVVM */;
			targetProxy = 409F91A22ECF7DEA007C3E96 /* PBXContainerItemProxy */;
		};
/* End PBXTargetDependency section */

/* Begin XCBuildConfiguration section */
		409F91AB2ECF7DEA007C3E96 /* Debug */ = {
			isa = XCBuildConfiguration;
			buildSettings = {
				ASSETCATALOG_COMPILER_APPICON_NAME = AppIcon;
				ASSETCATALOG_COMPILER_GLOBAL_ACCENT_COLOR_NAME = AccentColor;
				CODE_SIGN_STYLE = Automatic;
				CURRENT_PROJECT_VERSION = 1;
				GENERATE_INFOPLIST_FILE = YES;
				INFOPLIST_FILE = "Ios-MVVM/Info.plist";
				INFOPLIST_KEY_UIApplicationSupportsIndirectInputEvents = YES;
				INFOPLIST_KEY_UILaunchStoryboardName = LaunchScreen;
				INFOPLIST_KEY_UISupportedInterfaceOrientations_iPad = "UIInterfaceOrientationPortrait UIInterfaceOrientationPortraitUpsideDown UIInterfaceOrientationLandscapeLeft UIInterfaceOrientationLandscapeRight";
				INFOPLIST_KEY_UISupportedInterfaceOrientations_iPhone = "UIInterfaceOrientationPortrait UIInterfaceOrientationLandscapeLeft UIInterfaceOrientationLandscapeRight";
				LD_RUNPATH_SEARCH_PATHS = (
					"$(inherited)",
					"@executable_path/Frameworks",
				);
				MARKETING_VERSION = 1.0;
				PRODUCT_BUNDLE_IDENTIFIER = "emre.workspace.Ios-MVVM";
				PRODUCT_NAME = "$(TARGET_NAME)";
				SWIFT_EMIT_LOC_STRINGS = YES;
				SWIFT_VERSION = 5.0;
				TARGETED_DEVICE_FAMILY = "1,2";
			};
			name = Debug;
		};
		409F91AC2ECF7DEA007C3E96 /* Release */ = {
			isa = XCBuildConfiguration;
			buildSettings = {
				ASSETCATALOG_COMPILER_APPICON_NAME = AppIcon;
				ASSETCATALOG_COMPILER_GLOBAL_ACCENT_COLOR_NAME = AccentColor;
				CODE_SIGN_STYLE = Automatic;
				CURRENT_PROJECT_VERSION = 1;
				GENERATE_INFOPLIST_FILE = YES;
				INFOPLIST_FILE = "Ios-MVVM/Info.plist";
				INFOPLIST_KEY_UIApplicationSupportsIndirectInputEvents = YES;
				INFOPLIST_KEY_UILaunchStoryboardName = LaunchScreen;
				INFOPLIST_KEY_UISupportedInterfaceOrientations_iPad = "UIInterfaceOrientationPortrait UIInterfaceOrientationPortraitUpsideDown UIInterfaceOrientationLandscapeLeft UIInterfaceOrientationLandscapeRight";
				INFOPLIST_KEY_UISupportedInterfaceOrientations_iPhone = "UIInterfaceOrientationPortrait UIInterfaceOrientationLandscapeLeft UIInterfaceOrientationLandscapeRight";
				LD_RUNPATH_SEARCH_PATHS = (
					"$(inherited)",
					"@executable_path/Frameworks",
				);
				MARKETING_VERSION = 1.0;
				PRODUCT_BUNDLE_IDENTIFIER = "emre.workspace.Ios-MVVM";
				PRODUCT_NAME = "$(TARGET_NAME)";
				SWIFT_EMIT_LOC_STRINGS = YES;
				SWIFT_VERSION = 5.0;
				TARGETED_DEVICE_FAMILY = "1,2";
			};
			name = Release;
		};
		409F91AD2ECF7DEA007C3E96 /* Debug */ = {
			isa = XCBuildConfiguration;
			buildSettings = {
				ALWAYS_SEARCH_USER_PATHS = NO;
				ASSETCATALOG_COMPILER_GENERATE_SWIFT_ASSET_SYMBOL_EXTENSIONS = YES;
				CLANG_ANALYZER_NONNULL = YES;
				CLANG_ANALYZER_NUMBER_OBJECT_CONVERSION = YES_AGGRESSIVE;
				CLANG_CXX_LANGUAGE_STANDARD = "gnu++20";
				CLANG_ENABLE_MODULES = YES;
				CLANG_ENABLE_OBJC_ARC = YES;
				CLANG_ENABLE_OBJC_WEAK = YES;
				CLANG_WARN_BLOCK_CAPTURE_AUTORELEASING = YES;
				CLANG_WARN_BOOL_CONVERSION = YES;
				CLANG_WARN_COMMA = YES;
				CLANG_WARN_CONSTANT_CONVERSION = YES;
				CLANG_WARN_DEPRECATED_OBJC_IMPLEMENTATIONS = YES;
				CLANG_WARN_DIRECT_OBJC_ISA_USAGE = YES_ERROR;
				CLANG_WARN_DOCUMENTATION_COMMENTS = YES;
				CLANG_WARN_EMPTY_BODY = YES;
				CLANG_WARN_ENUM_CONVERSION = YES;
				CLANG_WARN_INFINITE_RECURSION = YES;
				CLANG_WARN_INT_CONVERSION = YES;
				CLANG_WARN_NON_LITERAL_NULL_CONVERSION = YES;
				CLANG_WARN_OBJC_IMPLICIT_RETAIN_SELF = YES;
				CLANG_WARN_OBJC_LITERAL_CONVERSION = YES;
				CLANG_WARN_OBJC_ROOT_CLASS = YES_ERROR;
				CLANG_WARN_QUOTED_INCLUDE_IN_FRAMEWORK_HEADER = YES;
				CLANG_WARN_RANGE_LOOP_ANALYSIS = YES;
				CLANG_WARN_STRICT_PROTOTYPES = YES;
				CLANG_WARN_SUSPICIOUS_MOVE = YES;
				CLANG_WARN_UNGUARDED_AVAILABILITY = YES_AGGRESSIVE;
				CLANG_WARN_UNREACHABLE_CODE = YES;
				CLANG_WARN__DUPLICATE_METHOD_MATCH = YES;
				COPY_PHASE_STRIP = NO;
				DEBUG_INFORMATION_FORMAT = dwarf;
				ENABLE_STRICT_OBJC_MSGSEND = YES;
				ENABLE_TESTABILITY = YES;
				ENABLE_USER_SCRIPT_SANDBOXING = YES;
				GCC_C_LANGUAGE_STANDARD = gnu17;
				GCC_DYNAMIC_NO_PIC = NO;
				GCC_NO_COMMON_BLOCKS = YES;
				GCC_OPTIMIZATION_LEVEL = 0;
				GCC_PREPROCESSOR_DEFINITIONS = (
					"DEBUG=1",
					"$(inherited)",
				);
				GCC_WARN_64_TO_32_BIT_CONVERSION = YES;
				GCC_WARN_ABOUT_RETURN_TYPE = YES_ERROR;
				GCC_WARN_UNDECLARED_SELECTOR = YES;
				GCC_WARN_UNINITIALIZED_AUTOS = YES_AGGRESSIVE;
				GCC_WARN_UNUSED_FUNCTION = YES;
				GCC_WARN_UNUSED_VARIABLE = YES;
				IPHONEOS_DEPLOYMENT_TARGET = 18.5;
				LOCALIZATION_PREFERS_STRING_CATALOGS = YES;
				MTL_ENABLE_DEBUG_INFO = INCLUDE_SOURCE;
				MTL_FAST_MATH = YES;
				ONLY_ACTIVE_ARCH = YES;
				SDKROOT = iphoneos;
				SWIFT_ACTIVE_COMPILATION_CONDITIONS = "DEBUG $(inherited)";
				SWIFT_OPTIMIZATION_LEVEL = "-Onone";
			};
			name = Debug;
		};
		409F91AE2ECF7DEA007C3E96 /* Release */ = {
			isa = XCBuildConfiguration;
			buildSettings = {
				ALWAYS_SEARCH_USER_PATHS = NO;
				ASSETCATALOG_COMPILER_GENERATE_SWIFT_ASSET_SYMBOL_EXTENSIONS = YES;
				CLANG_ANALYZER_NONNULL = YES;
				CLANG_ANALYZER_NUMBER_OBJECT_CONVERSION = YES_AGGRESSIVE;
				CLANG_CXX_LANGUAGE_STANDARD = "gnu++20";
				CLANG_ENABLE_MODULES = YES;
				CLANG_ENABLE_OBJC_ARC = YES;
				CLANG_ENABLE_OBJC_WEAK = YES;
				CLANG_WARN_BLOCK_CAPTURE_AUTORELEASING = YES;
				CLANG_WARN_BOOL_CONVERSION = YES;
				CLANG_WARN_COMMA = YES;
				CLANG_WARN_CONSTANT_CONVERSION = YES;
				CLANG_WARN_DEPRECATED_OBJC_IMPLEMENTATIONS = YES;
				CLANG_WARN_DIRECT_OBJC_ISA_USAGE = YES_ERROR;
				CLANG_WARN_DOCUMENTATION_COMMENTS = YES;
				CLANG_WARN_EMPTY_BODY = YES;
				CLANG_WARN_ENUM_CONVERSION = YES;
				CLANG_WARN_INFINITE_RECURSION = YES;
				CLANG_WARN_INT_CONVERSION = YES;
				CLANG_WARN_NON_LITERAL_NULL_CONVERSION = YES;
				CLANG_WARN_OBJC_IMPLICIT_RETAIN_SELF = YES;
				CLANG_WARN_OBJC_LITERAL_CONVERSION = YES;
				CLANG_WARN_OBJC_ROOT_CLASS = YES_ERROR;
				CLANG_WARN_QUOTED_INCLUDE_IN_FRAMEWORK_HEADER = YES;
				CLANG_WARN_RANGE_LOOP_ANALYSIS = YES;
				CLANG_WARN_STRICT_PROTOTYPES = YES;
				CLANG_WARN_SUSPICIOUS_MOVE = YES;
				CLANG_WARN_UNGUARDED_AVAILABILITY = YES_AGGRESSIVE;
				CLANG_WARN_UNREACHABLE_CODE = YES;
				CLANG_WARN__DUPLICATE_METHOD_MATCH = YES;
				COPY_PHASE_STRIP = NO;
				DEBUG_INFORMATION_FORMAT = "dwarf-with-dsym";
				ENABLE_NS_ASSERTIONS = NO;
				ENABLE_STRICT_OBJC_MSGSEND = YES;
				ENABLE_USER_SCRIPT_SANDBOXING = YES;
				GCC_C_LANGUAGE_STANDARD = gnu17;
				GCC_NO_COMMON_BLOCKS = YES;
				GCC_WARN_64_TO_32_BIT_CONVERSION = YES;
				GCC_WARN_ABOUT_RETURN_TYPE = YES_ERROR;
				GCC_WARN_UNDECLARED_SELECTOR = YES;
				GCC_WARN_UNINITIALIZED_AUTOS = YES_AGGRESSIVE;
				GCC_WARN_UNUSED_FUNCTION = YES;
				GCC_WARN_UNUSED_VARIABLE = YES;
				IPHONEOS_DEPLOYMENT_TARGET = 18.5;
				LOCALIZATION_PREFERS_STRING_CATALOGS = YES;
				MTL_ENABLE_DEBUG_INFO = NO;
				MTL_FAST_MATH = YES;
				SDKROOT = iphoneos;
				SWIFT_COMPILATION_MODE = wholemodule;
				VALIDATE_PRODUCT = YES;
			};
			name = Release;
		};
		409F91B02ECF7DEA007C3E96 /* Debug */ = {
			isa = XCBuildConfiguration;
			buildSettings = {
				BUNDLE_LOADER = "$(TEST_HOST)";
				CODE_SIGN_STYLE = Automatic;
				CURRENT_PROJECT_VERSION = 1;
				GENERATE_INFOPLIST_FILE = YES;
				IPHONEOS_DEPLOYMENT_TARGET = 18.5;
				MARKETING_VERSION = 1.0;
				PRODUCT_BUNDLE_IDENTIFIER = "emre.workspace.Ios-MVVMTests";
				PRODUCT_NAME = "$(TARGET_NAME)";
				SWIFT_EMIT_LOC_STRINGS = NO;
				SWIFT_VERSION = 5.0;
				TARGETED_DEVICE_FAMILY = "1,2";
				TEST_HOST = "$(BUILT_PRODUCTS_DIR)/Ios-MVVM.app/$(BUNDLE_EXECUTABLE_FOLDER_PATH)/Ios-MVVM";
			};
			name = Debug;
		};
		409F91B12ECF7DEA007C3E96 /* Release */ = {
			isa = XCBuildConfiguration;
			buildSettings = {
				BUNDLE_LOADER = "$(TEST_HOST)";
				CODE_SIGN_STYLE = Automatic;
				CURRENT_PROJECT_VERSION = 1;
				GENERATE_INFOPLIST_FILE = YES;
				IPHONEOS_DEPLOYMENT_TARGET = 18.5;
				MARKETING_VERSION = 1.0;
				PRODUCT_BUNDLE_IDENTIFIER = "emre.workspace.Ios-MVVMTests";
				PRODUCT_NAME = "$(TARGET_NAME)";
				SWIFT_EMIT_LOC_STRINGS = NO;
				SWIFT_VERSION = 5.0;
				TARGETED_DEVICE_FAMILY = "1,2";
				TEST_HOST = "$(BUILT_PRODUCTS_DIR)/Ios-MVVM.app/$(BUNDLE_EXECUTABLE_FOLDER_PATH)/Ios-MVVM";
			};
			name = Release;
		};
		409F91B32ECF7DEA007C3E96 /* Debug */ = {
			isa = XCBuildConfiguration;
			buildSettings = {
				CODE_SIGN_STYLE = Automatic;
				CURRENT_PROJECT_VERSION = 1;
				GENERATE_INFOPLIST_FILE = YES;
				MARKETING_VERSION = 1.0;
				PRODUCT_BUNDLE_IDENTIFIER = "emre.workspace.Ios-MVVMUITests";
				PRODUCT_NAME = "$(TARGET_NAME)";
				SWIFT_EMIT_LOC_STRINGS = NO;
				SWIFT_VERSION = 5.0;
				TARGETED_DEVICE_FAMILY = "1,2";
				TEST_TARGET_NAME = "Ios-MVVM";
			};
			name = Debug;
		};
		409F91B42ECF7DEA007C3E96 /* Release */ = {
			isa = XCBuildConfiguration;
			buildSettings = {
				CODE_SIGN_STYLE = Automatic;
				CURRENT_PROJECT_VERSION = 1;
				GENERATE_INFOPLIST_FILE = YES;
				MARKETING_VERSION = 1.0;
				PRODUCT_BUNDLE_IDENTIFIER = "emre.workspace.Ios-MVVMUITests";
				PRODUCT_NAME = "$(TARGET_NAME)";
				SWIFT_EMIT_LOC_STRINGS = NO;
				SWIFT_VERSION = 5.0;
				TARGETED_DEVICE_FAMILY = "1,2";
				TEST_TARGET_NAME = "Ios-MVVM";
			};
			name = Release;
		};
/* End XCBuildConfiguration section */

/* Begin XCConfigurationList section */
		409F917C2ECF7DE9007C3E96 /* Build configuration list for PBXProject "Ios-MVVM" */ = {
			isa = XCConfigurationList;
			buildConfigurations = (
				409F91AD2ECF7DEA007C3E96 /* Debug */,
				409F91AE2ECF7DEA007C3E96 /* Release */,
			);
			defaultConfigurationIsVisible = 0;
			defaultConfigurationName = Release;
		};
		409F91AA2ECF7DEA007C3E96 /* Build configuration list for PBXNativeTarget "Ios-MVVM" */ = {
			isa = XCConfigurationList;
			buildConfigurations = (
				409F91AB2ECF7DEA007C3E96 /* Debug */,
				409F91AC2ECF7DEA007C3E96 /* Release */,
			);
			defaultConfigurationIsVisible = 0;
			defaultConfigurationName = Release;
		};
		409F91AF2ECF7DEA007C3E96 /* Build configuration list for PBXNativeTarget "Ios-MVVMTests" */ = {
			isa = XCConfigurationList;
			buildConfigurations = (
				409F91B02ECF7DEA007C3E96 /* Debug */,
				409F91B12ECF7DEA007C3E96 /* Release */,
			);
			defaultConfigurationIsVisible = 0;
			defaultConfigurationName = Release;
		};
		409F91B22ECF7DEA007C3E96 /* Build configuration list for PBXNativeTarget "Ios-MVVMUITests" */ = {
			isa = XCConfigurationList;
			buildConfigurations = (
				409F91B32ECF7DEA007C3E96 /* Debug */,
				409F91B42ECF7DEA007C3E96 /* Release */,
			);
			defaultConfigurationIsVisible = 0;
			defaultConfigurationName = Release;
		};
/* End XCConfigurationList section */
	};
	rootObject = 409F91792ECF7DE9007C3E96 /* Project object */;
}
